PATH
  remote: .
  specs:
    shared_tools (0.3.0)
      nokogiri
      ruby_llm
      ruby_llm-mcp
      zeitwerk

GEM
  remote: https://rubygems.org/
  specs:
    addressable (2.8.7)
      public_suffix (>= 2.0.2, < 7.0)
    base64 (0.3.0)
    bigdecimal (3.3.1)
    debug_me (1.1.1)
    docile (1.4.1)
    event_stream_parser (1.0.0)
    faraday (2.14.0)
      faraday-net_http (>= 2.0, < 3.5)
      json
      logger
    faraday-multipart (1.1.1)
      multipart-post (~> 2.0)
    faraday-net_http (3.4.1)
      net-http (>= 0.5.0)
    faraday-retry (2.3.2)
      faraday (~> 2.0)
    http-2 (1.1.1)
    httpx (1.6.3)
      http-2 (>= 1.0.0)
    json (2.16.0)
    json-schema (5.2.2)
      addressable (~> 2.8)
      bigdecimal (~> 3.1)
    logger (1.7.0)
    marcel (1.1.0)
    minitest (5.26.0)
    multipart-post (2.4.1)
    net-http (0.7.0)
      uri
    nokogiri (1.18.10-arm64-darwin)
      racc (~> 1.4)
    public_suffix (6.0.2)
    racc (1.8.1)
    rake (13.3.1)
    ruby_llm (1.9.1)
      base64
      event_stream_parser (~> 1)
      faraday (>= 1.10.0)
      faraday-multipart (>= 1)
      faraday-net_http (>= 1)
      faraday-retry (>= 1)
      marcel (~> 1.0)
      ruby_llm-schema (~> 0.2.1)
      zeitwerk (~> 2)
    ruby_llm-mcp (0.7.0)
      httpx (~> 1.4)
      json-schema (~> 5.0)
      ruby_llm (~> 1.9)
      zeitwerk (~> 2)
    ruby_llm-schema (0.2.1)
    simplecov (0.22.0)
      docile (~> 1.1)
      simplecov-html (~> 0.11)
      simplecov_json_formatter (~> 0.1)
    simplecov-html (0.13.2)
    simplecov_json_formatter (0.1.4)
    uri (1.1.1)
    zeitwerk (2.7.3)

PLATFORMS
  arm64-darwin-24
  arm64-darwin-25

DEPENDENCIES
  bundler
  debug_me
  minitest
  rake
  shared_tools!
  simplecov

BUNDLED WITH
   2.7.2
